
Microsoft Visual Studio Solution File, Format Version 12.00
# Visual Studio Version 17
VisualStudioVersion = 17.8.34330.188
MinimumVisualStudioVersion = 10.0.40219.1
Project("{FAE04EC0-301F-11D3-BF4B-00C04F79EFBC}") = "Proj. Biblioteca", "Proj. Biblioteca\Proj. Biblioteca.csproj", "{DF36444C-3F10-46AC-AB86-81C4D6CD5910}"
EndProject
Global
	GlobalSection(SolutionConfigurationPlatforms) = preSolution
		Debug|Any CPU = Debug|Any CPU
		Release|Any CPU = Release|Any CPU
	EndGlobalSection
	GlobalSection(ProjectConfigurationPlatforms) = postSolution
		{DF36444C-3F10-46AC-AB86-81C4D6CD5910}.Debug|Any CPU.ActiveCfg = Debug|Any CPU
		{DF36444C-3F10-46AC-AB86-81C4D6CD5910}.Debug|Any CPU.Build.0 = Debug|Any CPU
		{DF36444C-3F10-46AC-AB86-81C4D6CD5910}.Release|Any CPU.ActiveCfg = Release|Any CPU
		{DF36444C-3F10-46AC-AB86-81C4D6CD5910}.Release|Any CPU.Build.0 = Release|Any CPU
	EndGlobalSection
	GlobalSection(SolutionProperties) = preSolution
		HideSolutionNode = FALSE
	EndGlobalSection
	GlobalSection(ExtensibilityGlobals) = postSolution
		SolutionGuid = {9BBE37FA-500E-412C-B653-B59485D630C3}
	EndGlobalSection
EndGlobal
